
Microsoft Visual Studio Solution File, Format Version 12.00
# Visual Studio Version 17
VisualStudioVersion = 17.4.33205.214
MinimumVisualStudioVersion = 10.0.40219.1
Project("{888888A0-9F3D-457C-B088-3A5042F75D52}") = "14.02.2023", "14.02.2023.pyproj", "{86329E65-6CF8-4267-82DC-B3547FA561B8}"
EndProject
Global
	GlobalSection(SolutionConfigurationPlatforms) = preSolution
		Debug|Any CPU = Debug|Any CPU
		Release|Any CPU = Release|Any CPU
	EndGlobalSection
	GlobalSection(ProjectConfigurationPlatforms) = postSolution
		{86329E65-6CF8-4267-82DC-B3547FA561B8}.Debug|Any CPU.ActiveCfg = Debug|Any CPU
		{86329E65-6CF8-4267-82DC-B3547FA561B8}.Release|Any CPU.ActiveCfg = Release|Any CPU
	EndGlobalSection
	GlobalSection(SolutionProperties) = preSolution
		HideSolutionNode = FALSE
	EndGlobalSection
	GlobalSection(ExtensibilityGlobals) = postSolution
		SolutionGuid = {1A8BD306-9FDC-407D-84F3-034AD9BDDEE4}
	EndGlobalSection
EndGlobal
